// !$*UTF8*$!
{
	archiveVersion = 1;
	classes = {
	};
	objectVersion = 51;
	objects = {

/* Begin PBXBuildFile section */
		A4682D3422D6B9F1001404F0 /* AppDelegate.swift in Sources */ = {isa = PBXBuildFile; fileRef = A4682D3322D6B9F1001404F0 /* AppDelegate.swift */; };
		A4682D3822D6B9F1001404F0 /* ViewController.swift in Sources */ = {isa = PBXBuildFile; fileRef = A4682D3722D6B9F1001404F0 /* ViewController.swift */; };
		A4682D3B22D6B9F1001404F0 /* Main.storyboard in Resources */ = {isa = PBXBuildFile; fileRef = A4682D3922D6B9F1001404F0 /* Main.storyboard */; };
		A4682D3D22D6B9F4001404F0 /* Assets.xcassets in Resources */ = {isa = PBXBuildFile; fileRef = A4682D3C22D6B9F4001404F0 /* Assets.xcassets */; };
		A4682D4022D6B9F4001404F0 /* LaunchScreen.storyboard in Resources */ = {isa = PBXBuildFile; fileRef = A4682D3E22D6B9F4001404F0 /* LaunchScreen.storyboard */; };
		A4C0CD3322D73AEB0058FA2B /* ShareViewController.swift in Sources */ = {isa = PBXBuildFile; fileRef = A4C0CD3222D73AEB0058FA2B /* ShareViewController.swift */; };
		A4C17A8B22F541BC00966537 /* SceneDelegate.swift in Sources */ = {isa = PBXBuildFile; fileRef = A4C17A8A22F541BC00966537 /* SceneDelegate.swift */; };
		F1E6C47EF667D6273FAED0D9 /* Pods_Swift5Bokete1.framework in Frameworks */ = {isa = PBXBuildFile; fileRef = 85F72C4081019571DED9043C /* Pods_Swift5Bokete1.framework */; };
/* End PBXBuildFile section */

/* Begin PBXFileReference section */
		012E041F5D117AE2539B17E2 /* Pods-Swift5Bokete1.release.xcconfig */ = {isa = PBXFileReference; includeInIndex = 1; lastKnownFileType = text.xcconfig; name = "Pods-Swift5Bokete1.release.xcconfig"; path = "Target Support Files/Pods-Swift5Bokete1/Pods-Swift5Bokete1.release.xcconfig"; sourceTree = "<group>"; };
		70F41B653FB16799634EE7C1 /* Pods-Swift5Bokete1.debug.xcconfig */ = {isa = PBXFileReference; includeInIndex = 1; lastKnownFileType = text.xcconfig; name = "Pods-Swift5Bokete1.debug.xcconfig"; path = "Target Support Files/Pods-Swift5Bokete1/Pods-Swift5Bokete1.debug.xcconfig"; sourceTree = "<group>"; };
		85F72C4081019571DED9043C /* Pods_Swift5Bokete1.framework */ = {isa = PBXFileReference; explicitFileType = wrapper.framework; includeInIndex = 0; path = Pods_Swift5Bokete1.framework; sourceTree = BUILT_PRODUCTS_DIR; };
		A4682D3022D6B9F1001404F0 /* Swift5Bokete1.app */ = {isa = PBXFileReference; explicitFileType = wrapper.application; includeInIndex = 0; path = Swift5Bokete1.app; sourceTree = BUILT_PRODUCTS_DIR; };
		A4682D3322D6B9F1001404F0 /* AppDelegate.swift */ = {isa = PBXFileReference; lastKnownFileType = sourcecode.swift; path = AppDelegate.swift; sourceTree = "<group>"; };
		A4682D3722D6B9F1001404F0 /* ViewController.swift */ = {isa = PBXFileReference; lastKnownFileType = sourcecode.swift; path = ViewController.swift; sourceTree = "<group>"; };
		A4682D3A22D6B9F1001404F0 /* Base */ = {isa = PBXFileReference; lastKnownFileType = file.storyboard; name = Base; path = Base.lproj/Main.storyboard; sourceTree = "<group>"; };
		A4682D3C22D6B9F4001404F0 /* Assets.xcassets */ = {isa = PBXFileReference; lastKnownFileType = folder.assetcatalog; path = Assets.xcassets; sourceTree = "<group>"; };
		A4682D3F22D6B9F4001404F0 /* Base */ = {isa = PBXFileReference; lastKnownFileType = file.storyboard; name = Base; path = Base.lproj/LaunchScreen.storyboard; sourceTree = "<group>"; };
		A4682D4122D6B9F4001404F0 /* Info.plist */ = {isa = PBXFileReference; lastKnownFileType = text.plist.xml; path = Info.plist; sourceTree = "<group>"; };
		A4C0CD3222D73AEB0058FA2B /* ShareViewController.swift */ = {isa = PBXFileReference; lastKnownFileType = sourcecode.swift; path = ShareViewController.swift; sourceTree = "<group>"; };
		A4C17A8A22F541BC00966537 /* SceneDelegate.swift */ = {isa = PBXFileReference; fileEncoding = 4; lastKnownFileType = sourcecode.swift; path = SceneDelegate.swift; sourceTree = "<group>"; };
		A4FBE91322D7256500109EFA /* Alamofire.framework */ = {isa = PBXFileReference; explicitFileType = wrapper.framework; path = Alamofire.framework; sourceTree = BUILT_PRODUCTS_DIR; };
/* End PBXFileReference section */

/* Begin PBXFrameworksBuildPhase section */
		A4682D2D22D6B9F1001404F0 /* Frameworks */ = {
			isa = PBXFrameworksBuildPhase;
			buildActionMask = 2147483647;
			files = (
				F1E6C47EF667D6273FAED0D9 /* Pods_Swift5Bokete1.framework in Frameworks */,
			);
			runOnlyForDeploymentPostprocessing = 0;
		};
/* End PBXFrameworksBuildPhase section */

/* Begin PBXGroup section */
		A4682D2722D6B9F1001404F0 = {
			isa = PBXGroup;
			children = (
				A4682D3222D6B9F1001404F0 /* Swift5Bokete1 */,
				A4682D3122D6B9F1001404F0 /* Products */,
				DC878537A79B3124F1AFE2A6 /* Pods */,
				B69BC2E83D3FEC2D48C87674 /* Frameworks */,
			);
			sourceTree = "<group>";
		};
		A4682D3122D6B9F1001404F0 /* Products */ = {
			isa = PBXGroup;
			children = (
				A4682D3022D6B9F1001404F0 /* Swift5Bokete1.app */,
			);
			name = Products;
			sourceTree = "<group>";
		};
		A4682D3222D6B9F1001404F0 /* Swift5Bokete1 */ = {
			isa = PBXGroup;
			children = (
				A4682D3322D6B9F1001404F0 /* AppDelegate.swift */,
				A4C17A8A22F541BC00966537 /* SceneDelegate.swift */,
				A4682D3722D6B9F1001404F0 /* ViewController.swift */,
				A4C0CD3222D73AEB0058FA2B /* ShareViewController.swift */,
				A4682D3922D6B9F1001404F0 /* Main.storyboard */,
				A4682D3C22D6B9F4001404F0 /* Assets.xcassets */,
				A4682D3E22D6B9F4001404F0 /* LaunchScreen.storyboard */,
				A4682D4122D6B9F4001404F0 /* Info.plist */,
			);
			path = Swift5Bokete1;
			sourceTree = "<group>";
		};
		B69BC2E83D3FEC2D48C87674 /* Frameworks */ = {
			isa = PBXGroup;
			children = (
				A4FBE91322D7256500109EFA /* Alamofire.framework */,
				85F72C4081019571DED9043C /* Pods_Swift5Bokete1.framework */,
			);
			name = Frameworks;
			sourceTree = "<group>";
		};
		DC878537A79B3124F1AFE2A6 /* Pods */ = {
			isa = PBXGroup;
			children = (
				70F41B653FB16799634EE7C1 /* Pods-Swift5Bokete1.debug.xcconfig */,
				012E041F5D117AE2539B17E2 /* Pods-Swift5Bokete1.release.xcconfig */,
			);
			path = Pods;
			sourceTree = "<group>";
		};
/* End PBXGroup section */

/* Begin PBXNativeTarget section */
		A4682D2F22D6B9F1001404F0 /* Swift5Bokete1 */ = {
			isa = PBXNativeTarget;
			buildConfigurationList = A4682D4422D6B9F4001404F0 /* Build configuration list for PBXNativeTarget "Swift5Bokete1" */;
			buildPhases = (
				7D0B518895951F26F2228774 /* [CP] Check Pods Manifest.lock */,
				A4682D2C22D6B9F1001404F0 /* Sources */,
				A4682D2D22D6B9F1001404F0 /* Frameworks */,
				A4682D2E22D6B9F1001404F0 /* Resources */,
				FF8EDBDA9856EC88E1711D4D /* [CP] Embed Pods Frameworks */,
			);
			buildRules = (
			);
			dependencies = (
			);
			name = Swift5Bokete1;
			productName = Swift5Bokete1;
			productReference = A4682D3022D6B9F1001404F0 /* Swift5Bokete1.app */;
			productType = "com.apple.product-type.application";
		};
/* End PBXNativeTarget section */

/* Begin PBXProject section */
		A4682D2822D6B9F1001404F0 /* Project object */ = {
			isa = PBXProject;
			attributes = {
				LastSwiftUpdateCheck = 1100;
				LastUpgradeCheck = 1100;
				ORGANIZATIONNAME = "Fujii Yuta";
				TargetAttributes = {
					A4682D2F22D6B9F1001404F0 = {
						CreatedOnToolsVersion = 11.0;
					};
				};
			};
			buildConfigurationList = A4682D2B22D6B9F1001404F0 /* Build configuration list for PBXProject "Swift5Bokete1" */;
			compatibilityVersion = "Xcode 9.3";
			developmentRegion = en;
			hasScannedForEncodings = 0;
			knownRegions = (
				en,
				Base,
			);
			mainGroup = A4682D2722D6B9F1001404F0;
			productRefGroup = A4682D3122D6B9F1001404F0 /* Products */;
			projectDirPath = "";
			projectRoot = "";
			targets = (
				A4682D2F22D6B9F1001404F0 /* Swift5Bokete1 */,
			);
		};
/* End PBXProject section */

/* Begin PBXResourcesBuildPhase section */
		A4682D2E22D6B9F1001404F0 /* Resources */ = {
			isa = PBXResourcesBuildPhase;
			buildActionMask = 2147483647;
			files = (
				A4682D4022D6B9F4001404F0 /* LaunchScreen.storyboard in Resources */,
				A4682D3D22D6B9F4001404F0 /* Assets.xcassets in Resources */,
				A4682D3B22D6B9F1001404F0 /* Main.storyboard in Resources */,
			);
			runOnlyForDeploymentPostprocessing = 0;
		};
/* End PBXResourcesBuildPhase section */

/* Begin PBXShellScriptBuildPhase section */
		7D0B518895951F26F2228774 /* [CP] Check Pods Manifest.lock */ = {
			isa = PBXShellScriptBuildPhase;
			buildActionMask = 2147483647;
			files = (
			);
			inputFileListPaths = (
			);
			inputPaths = (
				"${PODS_PODFILE_DIR_PATH}/Podfile.lock",
				"${PODS_ROOT}/Manifest.lock",
			);
			name = "[CP] Check Pods Manifest.lock";
			outputFileListPaths = (
			);
			outputPaths = (
				"$(DERIVED_FILE_DIR)/Pods-Swift5Bokete1-checkManifestLockResult.txt",
			);
			runOnlyForDeploymentPostprocessing = 0;
			shellPath = /bin/sh;
			shellScript = "diff \"${PODS_PODFILE_DIR_PATH}/Podfile.lock\" \"${PODS_ROOT}/Manifest.lock\" > /dev/null\nif [ $? != 0 ] ; then\n    # print error to STDERR\n    echo \"error: The sandbox is not in sync with the Podfile.lock. Run 'pod install' or update your CocoaPods installation.\" >&2\n    exit 1\nfi\n# This output is used by Xcode 'outputs' to avoid re-running this script phase.\necho \"SUCCESS\" > \"${SCRIPT_OUTPUT_FILE_0}\"\n";
			showEnvVarsInLog = 0;
		};
		FF8EDBDA9856EC88E1711D4D /* [CP] Embed Pods Frameworks */ = {
			isa = PBXShellScriptBuildPhase;
			buildActionMask = 2147483647;
			files = (
			);
			inputFileListPaths = (
				"${PODS_ROOT}/Target Support Files/Pods-Swift5Bokete1/Pods-Swift5Bokete1-frameworks-${CONFIGURATION}-input-files.xcfilelist",
			);
			name = "[CP] Embed Pods Frameworks";
			outputFileListPaths = (
				"${PODS_ROOT}/Target Support Files/Pods-Swift5Bokete1/Pods-Swift5Bokete1-frameworks-${CONFIGURATION}-output-files.xcfilelist",
			);
			runOnlyForDeploymentPostprocessing = 0;
			shellPath = /bin/sh;
			shellScript = "\"${PODS_ROOT}/Target Support Files/Pods-Swift5Bokete1/Pods-Swift5Bokete1-frameworks.sh\"\n";
			showEnvVarsInLog = 0;
		};
/* End PBXShellScriptBuildPhase section */

/* Begin PBXSourcesBuildPhase section */
		A4682D2C22D6B9F1001404F0 /* Sources */ = {
			isa = PBXSourcesBuildPhase;
			buildActionMask = 2147483647;
			files = (
				A4C0CD3322D73AEB0058FA2B /* ShareViewController.swift in Sources */,
				A4682D3822D6B9F1001404F0 /* ViewController.swift in Sources */,
				A4682D3422D6B9F1001404F0 /* AppDelegate.swift in Sources */,
				A4C17A8B22F541BC00966537 /* SceneDelegate.swift in Sources */,
			);
			runOnlyForDeploymentPostprocessing = 0;
		};
/* End PBXSourcesBuildPhase section */

/* Begin PBXVariantGroup section */
		A4682D3922D6B9F1001404F0 /* Main.storyboard */ = {
			isa = PBXVariantGroup;
			children = (
				A4682D3A22D6B9F1001404F0 /* Base */,
			);
			name = Main.storyboard;
			sourceTree = "<group>";
		};
		A4682D3E22D6B9F4001404F0 /* LaunchScreen.storyboard */ = {
			isa = PBXVariantGroup;
			children = (
				A4682D3F22D6B9F4001404F0 /* Base */,
			);
			name = LaunchScreen.storyboard;
			sourceTree = "<group>";
		};
/* End PBXVariantGroup section */

/* Begin XCBuildConfiguration section */
		A4682D4222D6B9F4001404F0 /* Debug */ = {
			isa = XCBuildConfiguration;
			buildSettings = {
				ALWAYS_SEARCH_USER_PATHS = NO;
				CLANG_ANALYZER_NONNULL = YES;
				CLANG_ANALYZER_NUMBER_OBJECT_CONVERSION = YES_AGGRESSIVE;
				CLANG_CXX_LANGUAGE_STANDARD = "gnu++14";
				CLANG_CXX_LIBRARY = "libc++";
				CLANG_ENABLE_MODULES = YES;
				CLANG_ENABLE_OBJC_ARC = YES;
				CLANG_ENABLE_OBJC_WEAK = YES;
				CLANG_WARN_BLOCK_CAPTURE_AUTORELEASING = YES;
				CLANG_WARN_BOOL_CONVERSION = YES;
				CLANG_WARN_COMMA = YES;
				CLANG_WARN_CONSTANT_CONVERSION = YES;
				CLANG_WARN_DEPRECATED_OBJC_IMPLEMENTATIONS = YES;
				CLANG_WARN_DIRECT_OBJC_ISA_USAGE = YES_ERROR;
				CLANG_WARN_DOCUMENTATION_COMMENTS = YES;
				CLANG_WARN_EMPTY_BODY = YES;
				CLANG_WARN_ENUM_CONVERSION = YES;
				CLANG_WARN_INFINITE_RECURSION = YES;
				CLANG_WARN_INT_CONVERSION = YES;
				CLANG_WARN_NON_LITERAL_NULL_CONVERSION = YES;
				CLANG_WARN_OBJC_IMPLICIT_RETAIN_SELF = YES;
				CLANG_WARN_OBJC_LITERAL_CONVERSION = YES;
				CLANG_WARN_OBJC_ROOT_CLASS = YES_ERROR;
				CLANG_WARN_RANGE_LOOP_ANALYSIS = YES;
				CLANG_WARN_STRICT_PROTOTYPES = YES;
				CLANG_WARN_SUSPICIOUS_MOVE = YES;
				CLANG_WARN_UNGUARDED_AVAILABILITY = YES_AGGRESSIVE;
				CLANG_WARN_UNREACHABLE_CODE = YES;
				CLANG_WARN__DUPLICATE_METHOD_MATCH = YES;
				COPY_PHASE_STRIP = NO;
				DEBUG_INFORMATION_FORMAT = dwarf;
				ENABLE_STRICT_OBJC_MSGSEND = YES;
				ENABLE_TESTABILITY = YES;
				GCC_C_LANGUAGE_STANDARD = gnu11;
				GCC_DYNAMIC_NO_PIC = NO;
				GCC_NO_COMMON_BLOCKS = YES;
				GCC_OPTIMIZATION_LEVEL = 0;
				GCC_PREPROCESSOR_DEFINITIONS = (
					"DEBUG=1",
					"$(inherited)",
				);
				GCC_WARN_64_TO_32_BIT_CONVERSION = YES;
				GCC_WARN_ABOUT_RETURN_TYPE = YES_ERROR;
				GCC_WARN_UNDECLARED_SELECTOR = YES;
				GCC_WARN_UNINITIALIZED_AUTOS = YES_AGGRESSIVE;
				GCC_WARN_UNUSED_FUNCTION = YES;
				GCC_WARN_UNUSED_VARIABLE = YES;
				IPHONEOS_DEPLOYMENT_TARGET = 13.0;
				MTL_ENABLE_DEBUG_INFO = INCLUDE_SOURCE;
				MTL_FAST_MATH = YES;
				ONLY_ACTIVE_ARCH = YES;
				SDKROOT = iphoneos;
				SWIFT_ACTIVE_COMPILATION_CONDITIONS = DEBUG;
				SWIFT_OPTIMIZATION_LEVEL = "-Onone";
			};
			name = Debug;
		};
		A4682D4322D6B9F4001404F0 /* Release */ = {
			isa = XCBuildConfiguration;
			buildSettings = {
				ALWAYS_SEARCH_USER_PATHS = NO;
				CLANG_ANALYZER_NONNULL = YES;
				CLANG_ANALYZER_NUMBER_OBJECT_CONVERSION = YES_AGGRESSIVE;
				CLANG_CXX_LANGUAGE_STANDARD = "gnu++14";
				CLANG_CXX_LIBRARY = "libc++";
				CLANG_ENABLE_MODULES = YES;
				CLANG_ENABLE_OBJC_ARC = YES;
				CLANG_ENABLE_OBJC_WEAK = YES;
				CLANG_WARN_BLOCK_CAPTURE_AUTORELEASING = YES;
				CLANG_WARN_BOOL_CONVERSION = YES;
				CLANG_WARN_COMMA = YES;
				CLANG_WARN_CONSTANT_CONVERSION = YES;
				CLANG_WARN_DEPRECATED_OBJC_IMPLEMENTATIONS = YES;
				CLANG_WARN_DIRECT_OBJC_ISA_USAGE = YES_ERROR;
				CLANG_WARN_DOCUMENTATION_COMMENTS = YES;
				CLANG_WARN_EMPTY_BODY = YES;
				CLANG_WARN_ENUM_CONVERSION = YES;
				CLANG_WARN_INFINITE_RECURSION = YES;
				CLANG_WARN_INT_CONVERSION = YES;
				CLANG_WARN_NON_LITERAL_NULL_CONVERSION = YES;
				CLANG_WARN_OBJC_IMPLICIT_RETAIN_SELF = YES;
				CLANG_WARN_OBJC_LITERAL_CONVERSION = YES;
				CLANG_WARN_OBJC_ROOT_CLASS = YES_ERROR;
				CLANG_WARN_RANGE_LOOP_ANALYSIS = YES;
				CLANG_WARN_STRICT_PROTOTYPES = YES;
				CLANG_WARN_SUSPICIOUS_MOVE = YES;
				CLANG_WARN_UNGUARDED_AVAILABILITY = YES_AGGRESSIVE;
				CLANG_WARN_UNREACHABLE_CODE = YES;
				CLANG_WARN__DUPLICATE_METHOD_MATCH = YES;
				COPY_PHASE_STRIP = NO;
				DEBUG_INFORMATION_FORMAT = "dwarf-with-dsym";
				ENABLE_NS_ASSERTIONS = NO;
				ENABLE_STRICT_OBJC_MSGSEND = YES;
				GCC_C_LANGUAGE_STANDARD = gnu11;
				GCC_NO_COMMON_BLOCKS = YES;
				GCC_WARN_64_TO_32_BIT_CONVERSION = YES;
				GCC_WARN_ABOUT_RETURN_TYPE = YES_ERROR;
				GCC_WARN_UNDECLARED_SELECTOR = YES;
				GCC_WARN_UNINITIALIZED_AUTOS = YES_AGGRESSIVE;
				GCC_WARN_UNUSED_FUNCTION = YES;
				GCC_WARN_UNUSED_VARIABLE = YES;
				IPHONEOS_DEPLOYMENT_TARGET = 13.0;
				MTL_ENABLE_DEBUG_INFO = NO;
				MTL_FAST_MATH = YES;
				SDKROOT = iphoneos;
				SWIFT_COMPILATION_MODE = wholemodule;
				SWIFT_OPTIMIZATION_LEVEL = "-O";
				VALIDATE_PRODUCT = YES;
			};
			name = Release;
		};
		A4682D4522D6B9F4001404F0 /* Debug */ = {
			isa = XCBuildConfiguration;
			baseConfigurationReference = 70F41B653FB16799634EE7C1 /* Pods-Swift5Bokete1.debug.xcconfig */;
			buildSettings = {
				ASSETCATALOG_COMPILER_APPICON_NAME = AppIcon;
				CODE_SIGN_IDENTITY = "iPhone Developer";
				CODE_SIGN_STYLE = Automatic;
				DEVELOPMENT_TEAM = MQJ329TVL6;
				INFOPLIST_FILE = Swift5Bokete1/Info.plist;
				LD_RUNPATH_SEARCH_PATHS = (
					"$(inherited)",
					"@executable_path/Frameworks",
				);
				PRODUCT_BUNDLE_IDENTIFIER = com.yutaudemy.Swift5Bokete1;
				PRODUCT_NAME = "$(TARGET_NAME)";
				PROVISIONING_PROFILE_SPECIFIER = "";
				SWIFT_VERSION = 5.0;
				TARGETED_DEVICE_FAMILY = "1,2";
			};
			name = Debug;
		};
		A4682D4622D6B9F4001404F0 /* Release */ = {
			isa = XCBuildConfiguration;
			baseConfigurationReference = 012E041F5D117AE2539B17E2 /* Pods-Swift5Bokete1.release.xcconfig */;
			buildSettings = {
				ASSETCATALOG_COMPILER_APPICON_NAME = AppIcon;
				CODE_SIGN_IDENTITY = "iPhone Developer";
				CODE_SIGN_STYLE = Automatic;
				DEVELOPMENT_TEAM = MQJ329TVL6;
				INFOPLIST_FILE = Swift5Bokete1/Info.plist;
				LD_RUNPATH_SEARCH_PATHS = (
					"$(inherited)",
					"@executable_path/Frameworks",
				);
				PRODUCT_BUNDLE_IDENTIFIER = com.yutaudemy.Swift5Bokete1;
				PRODUCT_NAME = "$(TARGET_NAME)";
				PROVISIONING_PROFILE_SPECIFIER = "";
				SWIFT_VERSION = 5.0;
				TARGETED_DEVICE_FAMILY = "1,2";
			};
			name = Release;
		};
/* End XCBuildConfiguration section */

/* Begin XCConfigurationList section */
		A4682D2B22D6B9F1001404F0 /* Build configuration list for PBXProject "Swift5Bokete1" */ = {
			isa = XCConfigurationList;
			buildConfigurations = (
				A4682D4222D6B9F4001404F0 /* Debug */,
				A4682D4322D6B9F4001404F0 /* Release */,
			);
			defaultConfigurationIsVisible = 0;
			defaultConfigurationName = Release;
		};
		A4682D4422D6B9F4001404F0 /* Build configuration list for PBXNativeTarget "Swift5Bokete1" */ = {
			isa = XCConfigurationList;
			buildConfigurations = (
				A4682D4522D6B9F4001404F0 /* Debug */,
				A4682D4622D6B9F4001404F0 /* Release */,
			);
			defaultConfigurationIsVisible = 0;
			defaultConfigurationName = Release;
		};
/* End XCConfigurationList section */
	};
	rootObject = A4682D2822D6B9F1001404F0 /* Project object */;
}
